
Microsoft Visual Studio Solution File, Format Version 12.00
# 
Project("{FAE04EC0-301F-11D3-BF4B-00C04F79EFBC}") = "TripleStoreApi", "TripleStoreApi.csproj", "{FE6AC34A-BCA0-4B01-BBE3-D96C3EFDB02B}"
EndProject
Project("{FAE04EC0-301F-11D3-BF4B-00C04F79EFBC}") = "TripleStoreApi.Tests", "TripleStoreApi.Tests\TripleStoreApi.Tests.csproj", "{AF2B5D5F-C41B-482A-B399-64D102B726B5}"
EndProject
Global
	GlobalSection(SolutionConfigurationPlatforms) = preSolution
		Debug|Any CPU = Debug|Any CPU
		Release|Any CPU = Release|Any CPU
	EndGlobalSection
	GlobalSection(ProjectConfigurationPlatforms) = postSolution
		{FE6AC34A-BCA0-4B01-BBE3-D96C3EFDB02B}.Debug|Any CPU.ActiveCfg = Debug|Any CPU
		{FE6AC34A-BCA0-4B01-BBE3-D96C3EFDB02B}.Debug|Any CPU.Build.0 = Debug|Any CPU
		{FE6AC34A-BCA0-4B01-BBE3-D96C3EFDB02B}.Release|Any CPU.ActiveCfg = Release|Any CPU
		{FE6AC34A-BCA0-4B01-BBE3-D96C3EFDB02B}.Release|Any CPU.Build.0 = Release|Any CPU
		{AF2B5D5F-C41B-482A-B399-64D102B726B5}.Debug|Any CPU.ActiveCfg = Debug|Any CPU
		{AF2B5D5F-C41B-482A-B399-64D102B726B5}.Debug|Any CPU.Build.0 = Debug|Any CPU
		{AF2B5D5F-C41B-482A-B399-64D102B726B5}.Release|Any CPU.ActiveCfg = Release|Any CPU
		{AF2B5D5F-C41B-482A-B399-64D102B726B5}.Release|Any CPU.Build.0 = Release|Any CPU
	EndGlobalSection
EndGlobal
