
Microsoft Visual Studio Solution File, Format Version 12.00
#
Project("{FAE04EC0-301F-11D3-BF4B-00C04F79EFBC}") = "TripleStoreApi", "TripleStoreApi\TripleStoreApi.csproj", "{FE6AC34A-BCA0-4B01-BBE3-D96C3EFDB02B}"
EndProject
Project("{FAE04EC0-301F-11D3-BF4B-00C04F79EFBC}") = "TripleStoreApi.Tests", "TripleStoreApi.Tests\TripleStoreApi.Tests.csproj", "{DBA08C30-5776-4128-AE3A-47CAE690FD30}"
EndProject
Global
	GlobalSection(SolutionConfigurationPlatforms) = preSolution
		Debug|Any CPU = Debug|Any CPU
		Release|Any CPU = Release|Any CPU
	EndGlobalSection
	GlobalSection(ProjectConfigurationPlatforms) = postSolution
		{FE6AC34A-BCA0-4B01-BBE3-D96C3EFDB02B}.Debug|Any CPU.ActiveCfg = Debug|Any CPU
		{FE6AC34A-BCA0-4B01-BBE3-D96C3EFDB02B}.Debug|Any CPU.Build.0 = Debug|Any CPU
		{FE6AC34A-BCA0-4B01-BBE3-D96C3EFDB02B}.Release|Any CPU.ActiveCfg = Release|Any CPU
		{FE6AC34A-BCA0-4B01-BBE3-D96C3EFDB02B}.Release|Any CPU.Build.0 = Release|Any CPU
		{DBA08C30-5776-4128-AE3A-47CAE690FD30}.Debug|Any CPU.ActiveCfg = Debug|Any CPU
		{DBA08C30-5776-4128-AE3A-47CAE690FD30}.Debug|Any CPU.Build.0 = Debug|Any CPU
		{DBA08C30-5776-4128-AE3A-47CAE690FD30}.Release|Any CPU.ActiveCfg = Release|Any CPU
		{DBA08C30-5776-4128-AE3A-47CAE690FD30}.Release|Any CPU.Build.0 = Release|Any CPU
	EndGlobalSection
EndGlobal
